
Microsoft Visual Studio Solution File, Format Version 12.00
# Visual Studio Version 16
VisualStudioVersion = 16.0.29411.108
MinimumVisualStudioVersion = 10.0.40219.1
Project("{9A19103F-16F7-4668-BE54-9A1E7A4F7556}") = "DevFactoryZ.CharityCRM", "DevFactoryZ.CharityCRM\DevFactoryZ.CharityCRM.csproj", "{28947140-1DEF-4C8C-83EF-1486F48720D9}"
EndProject
Project("{9A19103F-16F7-4668-BE54-9A1E7A4F7556}") = "DevFactoryZ.CharityCRM.UI.Web", "DevFactoryZ.CharityCRM.UI.Web\DevFactoryZ.CharityCRM.UI.Web.csproj", "{3457DCEC-B7E3-4AC7-A231-1B79C6096B80}"
EndProject
Project("{9A19103F-16F7-4668-BE54-9A1E7A4F7556}") = "DevFactoryZ.CharityCRM.Persistence.EFCore", "DevFactoryZ.CharityCRM.Persistence.EFCore\DevFactoryZ.CharityCRM.Persistence.EFCore.csproj", "{16B0F096-477A-4969-A6F2-033A4492AC0A}"
EndProject
Project("{FAE04EC0-301F-11D3-BF4B-00C04F79EFBC}") = "DevFactoryZ.CharityCRM.UI.Admin", "DevFactoryZ.CharityCRM.UI.Admin\DevFactoryZ.CharityCRM.UI.Admin.csproj", "{A1D2EA04-55ED-4476-8A05-CC47FE0E18E3}"
EndProject
Global
	GlobalSection(SolutionConfigurationPlatforms) = preSolution
		Debug|Any CPU = Debug|Any CPU
		Release|Any CPU = Release|Any CPU
	EndGlobalSection
	GlobalSection(ProjectConfigurationPlatforms) = postSolution
		{28947140-1DEF-4C8C-83EF-1486F48720D9}.Debug|Any CPU.ActiveCfg = Debug|Any CPU
		{28947140-1DEF-4C8C-83EF-1486F48720D9}.Debug|Any CPU.Build.0 = Debug|Any CPU
		{28947140-1DEF-4C8C-83EF-1486F48720D9}.Release|Any CPU.ActiveCfg = Release|Any CPU
		{28947140-1DEF-4C8C-83EF-1486F48720D9}.Release|Any CPU.Build.0 = Release|Any CPU
		{3457DCEC-B7E3-4AC7-A231-1B79C6096B80}.Debug|Any CPU.ActiveCfg = Debug|Any CPU
		{3457DCEC-B7E3-4AC7-A231-1B79C6096B80}.Debug|Any CPU.Build.0 = Debug|Any CPU
		{3457DCEC-B7E3-4AC7-A231-1B79C6096B80}.Release|Any CPU.ActiveCfg = Release|Any CPU
		{3457DCEC-B7E3-4AC7-A231-1B79C6096B80}.Release|Any CPU.Build.0 = Release|Any CPU
		{16B0F096-477A-4969-A6F2-033A4492AC0A}.Debug|Any CPU.ActiveCfg = Debug|Any CPU
		{16B0F096-477A-4969-A6F2-033A4492AC0A}.Debug|Any CPU.Build.0 = Debug|Any CPU
		{16B0F096-477A-4969-A6F2-033A4492AC0A}.Release|Any CPU.ActiveCfg = Release|Any CPU
		{16B0F096-477A-4969-A6F2-033A4492AC0A}.Release|Any CPU.Build.0 = Release|Any CPU
		{A1D2EA04-55ED-4476-8A05-CC47FE0E18E3}.Debug|Any CPU.ActiveCfg = Debug|Any CPU
		{A1D2EA04-55ED-4476-8A05-CC47FE0E18E3}.Debug|Any CPU.Build.0 = Debug|Any CPU
		{A1D2EA04-55ED-4476-8A05-CC47FE0E18E3}.Release|Any CPU.ActiveCfg = Release|Any CPU
		{A1D2EA04-55ED-4476-8A05-CC47FE0E18E3}.Release|Any CPU.Build.0 = Release|Any CPU
	EndGlobalSection
	GlobalSection(SolutionProperties) = preSolution
		HideSolutionNode = FALSE
	EndGlobalSection
	GlobalSection(ExtensibilityGlobals) = postSolution
		SolutionGuid = {F81B60E6-6628-4D24-8493-15E43FEC65CB}
	EndGlobalSection
EndGlobal
